
Microsoft Visual Studio Solution File, Format Version 12.00
# Visual Studio Version 17
VisualStudioVersion = 17.1.32328.378
MinimumVisualStudioVersion = 10.0.40219.1
Project("{2150E333-8FDC-42A3-9474-1A3956D46DE8}") = "Tests", "Tests", "{B215CB76-AFE7-4EEA-9E0C-2EECF44D6DC5}"
EndProject
Project("{9A19103F-16F7-4668-BE54-9A1E7A4F7556}") = "CityOfGuilds.Legion.Core", "src\CityOfGuilds.Legion.Core\src\CityOfGuilds.Legion.Core.csproj", "{B7BCF33F-AC8C-4225-A88A-62DF51A62EF1}"
EndProject
Project("{9A19103F-16F7-4668-BE54-9A1E7A4F7556}") = "CityOfGuilds.Legion.Item", "src\CityOfGuilds.Legion.Item\src\CityOfGuilds.Legion.Item.csproj", "{511D3B0F-ADC0-4CC9-AC26-2A1DB975A437}"
EndProject
Project("{9A19103F-16F7-4668-BE54-9A1E7A4F7556}") = "CityOfGuilds.Legion.Player", "src\CityOfGuilds.Legion.Player\src\CityOfGuilds.Legion.Player.csproj", "{EFF6FEB5-C696-44AA-9B43-404EBA70FB8C}"
EndProject
Project("{9A19103F-16F7-4668-BE54-9A1E7A4F7556}") = "CityOfGuilds.Legion.Core.Tests", "src\CityOfGuilds.Legion.Core\test\CityOfGuilds.Legion.Core.Tests.csproj", "{34E6A337-2A7A-4FAA-8C1B-582949EBDBE7}"
EndProject
Project("{9A19103F-16F7-4668-BE54-9A1E7A4F7556}") = "CityOfGuilds.Legion.Item.Tests", "src\CityOfGuilds.Legion.Item\test\CityOfGuilds.Legion.Item.Tests.csproj", "{D76B08EE-082E-4EEF-9649-4AE6E278C393}"
EndProject
Project("{9A19103F-16F7-4668-BE54-9A1E7A4F7556}") = "CityOfGuilds.Legion.Player.Tests", "src\CityOfGuilds.Legion.Player\test\CityOfGuilds.Legion.Player.Tests.csproj", "{7FD27E78-31F9-4608-8F73-FD08E917E0CF}"
EndProject
Global
	GlobalSection(SolutionConfigurationPlatforms) = preSolution
		Debug|Any CPU = Debug|Any CPU
		Release|Any CPU = Release|Any CPU
	EndGlobalSection
	GlobalSection(ProjectConfigurationPlatforms) = postSolution
		{B7BCF33F-AC8C-4225-A88A-62DF51A62EF1}.Debug|Any CPU.ActiveCfg = Debug|Any CPU
		{B7BCF33F-AC8C-4225-A88A-62DF51A62EF1}.Debug|Any CPU.Build.0 = Debug|Any CPU
		{B7BCF33F-AC8C-4225-A88A-62DF51A62EF1}.Release|Any CPU.ActiveCfg = Release|Any CPU
		{B7BCF33F-AC8C-4225-A88A-62DF51A62EF1}.Release|Any CPU.Build.0 = Release|Any CPU
		{511D3B0F-ADC0-4CC9-AC26-2A1DB975A437}.Debug|Any CPU.ActiveCfg = Debug|Any CPU
		{511D3B0F-ADC0-4CC9-AC26-2A1DB975A437}.Debug|Any CPU.Build.0 = Debug|Any CPU
		{511D3B0F-ADC0-4CC9-AC26-2A1DB975A437}.Release|Any CPU.ActiveCfg = Release|Any CPU
		{511D3B0F-ADC0-4CC9-AC26-2A1DB975A437}.Release|Any CPU.Build.0 = Release|Any CPU
		{EFF6FEB5-C696-44AA-9B43-404EBA70FB8C}.Debug|Any CPU.ActiveCfg = Debug|Any CPU
		{EFF6FEB5-C696-44AA-9B43-404EBA70FB8C}.Debug|Any CPU.Build.0 = Debug|Any CPU
		{EFF6FEB5-C696-44AA-9B43-404EBA70FB8C}.Release|Any CPU.ActiveCfg = Release|Any CPU
		{EFF6FEB5-C696-44AA-9B43-404EBA70FB8C}.Release|Any CPU.Build.0 = Release|Any CPU
		{34E6A337-2A7A-4FAA-8C1B-582949EBDBE7}.Debug|Any CPU.ActiveCfg = Debug|Any CPU
		{34E6A337-2A7A-4FAA-8C1B-582949EBDBE7}.Debug|Any CPU.Build.0 = Debug|Any CPU
		{34E6A337-2A7A-4FAA-8C1B-582949EBDBE7}.Release|Any CPU.ActiveCfg = Release|Any CPU
		{34E6A337-2A7A-4FAA-8C1B-582949EBDBE7}.Release|Any CPU.Build.0 = Release|Any CPU
		{D76B08EE-082E-4EEF-9649-4AE6E278C393}.Debug|Any CPU.ActiveCfg = Debug|Any CPU
		{D76B08EE-082E-4EEF-9649-4AE6E278C393}.Debug|Any CPU.Build.0 = Debug|Any CPU
		{D76B08EE-082E-4EEF-9649-4AE6E278C393}.Release|Any CPU.ActiveCfg = Release|Any CPU
		{D76B08EE-082E-4EEF-9649-4AE6E278C393}.Release|Any CPU.Build.0 = Release|Any CPU
		{7FD27E78-31F9-4608-8F73-FD08E917E0CF}.Debug|Any CPU.ActiveCfg = Debug|Any CPU
		{7FD27E78-31F9-4608-8F73-FD08E917E0CF}.Debug|Any CPU.Build.0 = Debug|Any CPU
		{7FD27E78-31F9-4608-8F73-FD08E917E0CF}.Release|Any CPU.ActiveCfg = Release|Any CPU
		{7FD27E78-31F9-4608-8F73-FD08E917E0CF}.Release|Any CPU.Build.0 = Release|Any CPU
	EndGlobalSection
	GlobalSection(SolutionProperties) = preSolution
		HideSolutionNode = FALSE
	EndGlobalSection
	GlobalSection(NestedProjects) = preSolution
		{34E6A337-2A7A-4FAA-8C1B-582949EBDBE7} = {B215CB76-AFE7-4EEA-9E0C-2EECF44D6DC5}
		{D76B08EE-082E-4EEF-9649-4AE6E278C393} = {B215CB76-AFE7-4EEA-9E0C-2EECF44D6DC5}
		{7FD27E78-31F9-4608-8F73-FD08E917E0CF} = {B215CB76-AFE7-4EEA-9E0C-2EECF44D6DC5}
	EndGlobalSection
	GlobalSection(ExtensibilityGlobals) = postSolution
		SolutionGuid = {A92D6DA7-8871-4026-9350-571CE5079CA9}
	EndGlobalSection
EndGlobal
